
Microsoft Visual Studio Solution File, Format Version 12.00
# Visual Studio Version 16
VisualStudioVersion = 16.0.31112.23
MinimumVisualStudioVersion = 10.0.40219.1
Project("{FAE04EC0-301F-11D3-BF4B-00C04F79EFBC}") = "lfrigodesouza.app.Android", "lfrigodesouza.app.Android\lfrigodesouza.app.Android.csproj", "{BB50AF60-E01C-403C-A263-C1448368938A}"
EndProject
Project("{FAE04EC0-301F-11D3-BF4B-00C04F79EFBC}") = "lfrigodesouza.app", "lfrigodesouza.app\lfrigodesouza.app.csproj", "{821DA570-4305-4FB8-8428-F44787F0FDDF}"
EndProject
Global
	GlobalSection(SolutionConfigurationPlatforms) = preSolution
		Debug|Any CPU = Debug|Any CPU
		Release|Any CPU = Release|Any CPU
	EndGlobalSection
	GlobalSection(ProjectConfigurationPlatforms) = postSolution
		{BB50AF60-E01C-403C-A263-C1448368938A}.Debug|Any CPU.ActiveCfg = Debug|Any CPU
		{BB50AF60-E01C-403C-A263-C1448368938A}.Debug|Any CPU.Build.0 = Debug|Any CPU
		{BB50AF60-E01C-403C-A263-C1448368938A}.Debug|Any CPU.Deploy.0 = Debug|Any CPU
		{BB50AF60-E01C-403C-A263-C1448368938A}.Release|Any CPU.ActiveCfg = Release|Any CPU
		{BB50AF60-E01C-403C-A263-C1448368938A}.Release|Any CPU.Build.0 = Release|Any CPU
		{BB50AF60-E01C-403C-A263-C1448368938A}.Release|Any CPU.Deploy.0 = Release|Any CPU
		{821DA570-4305-4FB8-8428-F44787F0FDDF}.Debug|Any CPU.ActiveCfg = Debug|Any CPU
		{821DA570-4305-4FB8-8428-F44787F0FDDF}.Debug|Any CPU.Build.0 = Debug|Any CPU
		{821DA570-4305-4FB8-8428-F44787F0FDDF}.Debug|Any CPU.Deploy.0 = Debug|Any CPU
		{821DA570-4305-4FB8-8428-F44787F0FDDF}.Release|Any CPU.ActiveCfg = Release|Any CPU
		{821DA570-4305-4FB8-8428-F44787F0FDDF}.Release|Any CPU.Build.0 = Release|Any CPU
		{821DA570-4305-4FB8-8428-F44787F0FDDF}.Release|Any CPU.Deploy.0 = Release|Any CPU
	EndGlobalSection
	GlobalSection(SolutionProperties) = preSolution
		HideSolutionNode = FALSE
	EndGlobalSection
	GlobalSection(ExtensibilityGlobals) = postSolution
		SolutionGuid = {8D7F17E4-0C1B-43C1-8279-B6B8FDF2ECD7}
	EndGlobalSection
EndGlobal
